
Microsoft Visual Studio Solution File, Format Version 12.00
# Visual Studio Version 17
VisualStudioVersion = 17.2.32616.157
MinimumVisualStudioVersion = 10.0.40219.1
Project("{9A19103F-16F7-4668-BE54-9A1E7A4F7556}") = "MSF.Logger", "MSF.Logger\MSF.Logger.csproj", "{88DA23D0-1682-463A-B174-40A4DEBD0576}"
EndProject
Project("{9A19103F-16F7-4668-BE54-9A1E7A4F7556}") = "MSF.Util", "MSF.Util\MSF.Util.csproj", "{1D0BCBD1-C010-4DDE-91E0-E0BCB374B3C5}"
EndProject
Project("{9A19103F-16F7-4668-BE54-9A1E7A4F7556}") = "MSF.RestSharp", "MSF.RestSharp\MSF.RestSharp.csproj", "{2B862CF4-F4B1-465E-9083-98E98BB470A3}"
EndProject
Project("{9A19103F-16F7-4668-BE54-9A1E7A4F7556}") = "MSF.Worker", "MSF.Worker\MSF.Worker.csproj", "{994270C3-CA9B-44A5-99A2-F3CFA8742D66}"
EndProject
Project("{9A19103F-16F7-4668-BE54-9A1E7A4F7556}") = "MSF.ChatGPT", "MSF.Util.Core\MSF.ChatGPT.csproj", "{64644B73-C22F-4C92-87A8-85A295EDA0E0}"
EndProject
Project("{9A19103F-16F7-4668-BE54-9A1E7A4F7556}") = "RabbitSender", "RabbitServer\RabbitSender.csproj", "{7EF273D9-AFA3-4EE7-B634-3CB0E8CA24CD}"
EndProject
Project("{9A19103F-16F7-4668-BE54-9A1E7A4F7556}") = "RabbitReceiver", "RabbitReceiver\RabbitReceiver.csproj", "{5AD92937-4FBB-4254-909D-65E8AAF52C93}"
EndProject
Project("{9A19103F-16F7-4668-BE54-9A1E7A4F7556}") = "MSF.UnitTests", "MSF.UnitTests\MSF.UnitTests.csproj", "{524E4C99-DD4F-48E1-A9A5-76CA0A123D3B}"
EndProject
Global
	GlobalSection(SolutionConfigurationPlatforms) = preSolution
		Debug|Any CPU = Debug|Any CPU
		Release|Any CPU = Release|Any CPU
	EndGlobalSection
	GlobalSection(ProjectConfigurationPlatforms) = postSolution
		{88DA23D0-1682-463A-B174-40A4DEBD0576}.Debug|Any CPU.ActiveCfg = Debug|Any CPU
		{88DA23D0-1682-463A-B174-40A4DEBD0576}.Debug|Any CPU.Build.0 = Debug|Any CPU
		{88DA23D0-1682-463A-B174-40A4DEBD0576}.Release|Any CPU.ActiveCfg = Release|Any CPU
		{88DA23D0-1682-463A-B174-40A4DEBD0576}.Release|Any CPU.Build.0 = Release|Any CPU
		{1D0BCBD1-C010-4DDE-91E0-E0BCB374B3C5}.Debug|Any CPU.ActiveCfg = Debug|Any CPU
		{1D0BCBD1-C010-4DDE-91E0-E0BCB374B3C5}.Debug|Any CPU.Build.0 = Debug|Any CPU
		{1D0BCBD1-C010-4DDE-91E0-E0BCB374B3C5}.Release|Any CPU.ActiveCfg = Release|Any CPU
		{1D0BCBD1-C010-4DDE-91E0-E0BCB374B3C5}.Release|Any CPU.Build.0 = Release|Any CPU
		{2B862CF4-F4B1-465E-9083-98E98BB470A3}.Debug|Any CPU.ActiveCfg = Debug|Any CPU
		{2B862CF4-F4B1-465E-9083-98E98BB470A3}.Debug|Any CPU.Build.0 = Debug|Any CPU
		{2B862CF4-F4B1-465E-9083-98E98BB470A3}.Release|Any CPU.ActiveCfg = Release|Any CPU
		{2B862CF4-F4B1-465E-9083-98E98BB470A3}.Release|Any CPU.Build.0 = Release|Any CPU
		{994270C3-CA9B-44A5-99A2-F3CFA8742D66}.Debug|Any CPU.ActiveCfg = Debug|Any CPU
		{994270C3-CA9B-44A5-99A2-F3CFA8742D66}.Debug|Any CPU.Build.0 = Debug|Any CPU
		{994270C3-CA9B-44A5-99A2-F3CFA8742D66}.Release|Any CPU.ActiveCfg = Release|Any CPU
		{994270C3-CA9B-44A5-99A2-F3CFA8742D66}.Release|Any CPU.Build.0 = Release|Any CPU
		{64644B73-C22F-4C92-87A8-85A295EDA0E0}.Debug|Any CPU.ActiveCfg = Debug|Any CPU
		{64644B73-C22F-4C92-87A8-85A295EDA0E0}.Debug|Any CPU.Build.0 = Debug|Any CPU
		{64644B73-C22F-4C92-87A8-85A295EDA0E0}.Release|Any CPU.ActiveCfg = Release|Any CPU
		{64644B73-C22F-4C92-87A8-85A295EDA0E0}.Release|Any CPU.Build.0 = Release|Any CPU
		{7EF273D9-AFA3-4EE7-B634-3CB0E8CA24CD}.Debug|Any CPU.ActiveCfg = Debug|Any CPU
		{7EF273D9-AFA3-4EE7-B634-3CB0E8CA24CD}.Debug|Any CPU.Build.0 = Debug|Any CPU
		{7EF273D9-AFA3-4EE7-B634-3CB0E8CA24CD}.Release|Any CPU.ActiveCfg = Release|Any CPU
		{7EF273D9-AFA3-4EE7-B634-3CB0E8CA24CD}.Release|Any CPU.Build.0 = Release|Any CPU
		{5AD92937-4FBB-4254-909D-65E8AAF52C93}.Debug|Any CPU.ActiveCfg = Debug|Any CPU
		{5AD92937-4FBB-4254-909D-65E8AAF52C93}.Debug|Any CPU.Build.0 = Debug|Any CPU
		{5AD92937-4FBB-4254-909D-65E8AAF52C93}.Release|Any CPU.ActiveCfg = Release|Any CPU
		{5AD92937-4FBB-4254-909D-65E8AAF52C93}.Release|Any CPU.Build.0 = Release|Any CPU
		{524E4C99-DD4F-48E1-A9A5-76CA0A123D3B}.Debug|Any CPU.ActiveCfg = Debug|Any CPU
		{524E4C99-DD4F-48E1-A9A5-76CA0A123D3B}.Debug|Any CPU.Build.0 = Debug|Any CPU
		{524E4C99-DD4F-48E1-A9A5-76CA0A123D3B}.Release|Any CPU.ActiveCfg = Release|Any CPU
		{524E4C99-DD4F-48E1-A9A5-76CA0A123D3B}.Release|Any CPU.Build.0 = Release|Any CPU
	EndGlobalSection
	GlobalSection(SolutionProperties) = preSolution
		HideSolutionNode = FALSE
	EndGlobalSection
	GlobalSection(ExtensibilityGlobals) = postSolution
		SolutionGuid = {EEB9525B-971F-4330-90B1-424A0817CBFC}
	EndGlobalSection
EndGlobal
